
Microsoft Visual Studio Solution File, Format Version 12.00
# Visual Studio 15
VisualStudioVersion = 15.0.27428.2043
MinimumVisualStudioVersion = 10.0.40219.1
Project("{9A19103F-16F7-4668-BE54-9A1E7A4F7556}") = "TravelService", "TravelService\TravelService.csproj", "{D98F882A-5F4E-4166-BF20-FC437B8802E3}"
EndProject
Project("{9A19103F-16F7-4668-BE54-9A1E7A4F7556}") = "TravelService.Models", "TravelService.Models\TravelService.Models.csproj", "{F329DEAC-06C9-4756-8187-701D9A4A724A}"
EndProject
Project("{9A19103F-16F7-4668-BE54-9A1E7A4F7556}") = "TravelService.Client", "TravelService.Client\TravelService.Client.csproj", "{5B3D5A0D-F49D-4931-BCBD-E930F68489A6}"
EndProject
Project("{2150E333-8FDC-42A3-9474-1A3956D46DE8}") = "Solution Items", "Solution Items", "{F6170457-F8C0-4336-8200-3E0BB467498E}"
	ProjectSection(SolutionItems) = preProject
		azure-pipelines.yml = azure-pipelines.yml
	EndProjectSection
EndProject
Global
	GlobalSection(SolutionConfigurationPlatforms) = preSolution
		Debug|Any CPU = Debug|Any CPU
		Release|Any CPU = Release|Any CPU
	EndGlobalSection
	GlobalSection(ProjectConfigurationPlatforms) = postSolution
		{D98F882A-5F4E-4166-BF20-FC437B8802E3}.Debug|Any CPU.ActiveCfg = Debug|Any CPU
		{D98F882A-5F4E-4166-BF20-FC437B8802E3}.Debug|Any CPU.Build.0 = Debug|Any CPU
		{D98F882A-5F4E-4166-BF20-FC437B8802E3}.Release|Any CPU.ActiveCfg = Release|Any CPU
		{D98F882A-5F4E-4166-BF20-FC437B8802E3}.Release|Any CPU.Build.0 = Release|Any CPU
		{F329DEAC-06C9-4756-8187-701D9A4A724A}.Debug|Any CPU.ActiveCfg = Debug|Any CPU
		{F329DEAC-06C9-4756-8187-701D9A4A724A}.Debug|Any CPU.Build.0 = Debug|Any CPU
		{F329DEAC-06C9-4756-8187-701D9A4A724A}.Release|Any CPU.ActiveCfg = Release|Any CPU
		{F329DEAC-06C9-4756-8187-701D9A4A724A}.Release|Any CPU.Build.0 = Release|Any CPU
		{5B3D5A0D-F49D-4931-BCBD-E930F68489A6}.Debug|Any CPU.ActiveCfg = Debug|Any CPU
		{5B3D5A0D-F49D-4931-BCBD-E930F68489A6}.Debug|Any CPU.Build.0 = Debug|Any CPU
		{5B3D5A0D-F49D-4931-BCBD-E930F68489A6}.Release|Any CPU.ActiveCfg = Release|Any CPU
		{5B3D5A0D-F49D-4931-BCBD-E930F68489A6}.Release|Any CPU.Build.0 = Release|Any CPU
	EndGlobalSection
	GlobalSection(SolutionProperties) = preSolution
		HideSolutionNode = FALSE
	EndGlobalSection
	GlobalSection(ExtensibilityGlobals) = postSolution
		SolutionGuid = {408D9259-A3AE-48EC-B43D-9125CD48DF5E}
	EndGlobalSection
EndGlobal
