
Microsoft Visual Studio Solution File, Format Version 12.00
# Visual Studio 15
VisualStudioVersion = 15.0.27428.2043
MinimumVisualStudioVersion = 10.0.40219.1
Project("{FAE04EC0-301F-11D3-BF4B-00C04F79EFBC}") = "TravelService", "TravelService\TravelService.csproj", "{D98F882A-5F4E-4166-BF20-FC437B8802E3}"
EndProject
Global
	GlobalSection(SolutionConfigurationPlatforms) = preSolution
		Debug|Any CPU = Debug|Any CPU
		Release|Any CPU = Release|Any CPU
	EndGlobalSection
	GlobalSection(ProjectConfigurationPlatforms) = postSolution
		{D98F882A-5F4E-4166-BF20-FC437B8802E3}.Debug|Any CPU.ActiveCfg = Debug|Any CPU
		{D98F882A-5F4E-4166-BF20-FC437B8802E3}.Debug|Any CPU.Build.0 = Debug|Any CPU
		{D98F882A-5F4E-4166-BF20-FC437B8802E3}.Release|Any CPU.ActiveCfg = Release|Any CPU
		{D98F882A-5F4E-4166-BF20-FC437B8802E3}.Release|Any CPU.Build.0 = Release|Any CPU
	EndGlobalSection
	GlobalSection(SolutionProperties) = preSolution
		HideSolutionNode = FALSE
	EndGlobalSection
	GlobalSection(ExtensibilityGlobals) = postSolution
		SolutionGuid = {408D9259-A3AE-48EC-B43D-9125CD48DF5E}
	EndGlobalSection
EndGlobal
